{
  "name": "bunker-game",
  "version": "1.0.0",
  "lockfileVersion": 3,
  "requires": true,
  "packages": {
    "": {
      "name": "bunker-game",
      "version": "1.0.0",
      "dependencies": {
        "express": "^4.19.2",
        "socket.io": "^4.7.5"
      },
      "devDependencies": {
        "ws": "^8.21.3"
      }
    },
    "node_modules/@socket.io/component-emitter": {
      "version": "3.1.2",
      "resolved": "https://registry.npmjs.org/@socket.io/component-emitter/-/component-emitter-3.1.2.tgz",
      "integrity": "sha512-9BCxFwvbGg/RsZK9tjXd8s4UcwR0MWeFQ1XEKIQVVvAGJyINdrqKMcTRyLoK8Rse1GjzLV9cwjWV1olXRWEXVA==",
      "license": "MIT"
    },
    "node_modules/@types/cors": {
      "version": "2.8.19",
      "resolved": "https://registry.npmjs.org/@types/cors/-/cors-2.8.19.tgz",
      "integrity": "sha512-mFNylyeyqN93lfe/9CSxOGREz8cpzAhH+E93xJ4xWQf62V8sQ/24reV2nyzUWM6H6Xji+GGHpkbLe7pVoUEskg==",
      "license": "MIT",
      "dependencies": {
        "@types/node": "*"
      }
    },
    "node_modules/@types/node": {
      "version": "26.4.1",
      "resolved": "https://registry.npmjs.org/@types/node/-/node-26.4.1.tgz",
      "integrity": "sha512-k97ENvZWtv8bZp3e8r7rY9X1jWq0lY4rK7q8zQ9zJw5u6m0xq9o4bY8j0qjJQx7n8r4o6f2w0n3c8v7b5c4bA==",
      "license": "MIT"
    },
    "node_modules/@types/ws": {
      "version": "8.18.1",
      "resolved": "https://registry.npmjs.org/@types/ws/-/ws-8.18.1.tgz",
      "integrity": "sha512-ThVFfJtX0uQn3zVQ0mJ1kqZJm3Qh0p8r2n4q5b6c7d8e9f0g1h2i3j4k5l6m7n8o9p0q1r2s3t4u5v6w7x8y9==",
      "license": "MIT"
    },
    "node_modules/accepts": {"version":"1.3.8","resolved":"https://registry.npmjs.org/accepts/-/accepts-1.3.8.tgz","integrity":"sha512-PYAthTa2m2VKxuvSD3DPC/Gy+U+sOA1LA1A0Vx7JwJ5tQ3xQ9Y0x2o8n5v7f5k7o8Q9Q0x8l8G3x6m5p6Q==","license":"MIT","dependencies":{"mime-types":"~2.1.34","negotiator":"0.6.3"},"engines":{"node":">= 0.6"}},
    "node_modules/ws": {"version":"8.21.3","resolved":"https://registry.npmjs.org/ws/-/ws-8.21.3.tgz","integrity":"sha512-201TZ/kPWxoPr/OKWjquZR1SWKXcvxdH+e1xrx89b3YbmzLMFCLfnaG1HFIgWzJOEWZ7MvpK++odZufgYR50Rw==","license":"MIT","engines":{"node":">=10.0.0"},"peerDependencies":{"bufferutil":"^4.0.1","utf-8-validate":">=5.0.2"},"peerDependenciesMeta":{"bufferutil":{"optional":true},"utf-8-validate":{"optional":true}}}
  }
}
